
Microsoft Visual Studio Solution File, Format Version 12.00
# Visual Studio Version 16
VisualStudioVersion = 16.0.31229.75
MinimumVisualStudioVersion = 10.0.40219.1
Project("{FAE04EC0-301F-11D3-BF4B-00C04F79EFBC}") = "SchoolLibrary", "SchoolLibrary\SchoolLibrary.csproj", "{9BEDED56-04F6-4960-BF8A-3F89D28B40C6}"
EndProject
Project("{FAE04EC0-301F-11D3-BF4B-00C04F79EFBC}") = "SchoolFormApp", "SchoolFormApp\SchoolFormApp.csproj", "{C7987BB2-7E23-4D54-AE9F-A3A673A69E7A}"
EndProject
Global
	GlobalSection(SolutionConfigurationPlatforms) = preSolution
		Debug|Any CPU = Debug|Any CPU
		Release|Any CPU = Release|Any CPU
	EndGlobalSection
	GlobalSection(ProjectConfigurationPlatforms) = postSolution
		{9BEDED56-04F6-4960-BF8A-3F89D28B40C6}.Debug|Any CPU.ActiveCfg = Debug|Any CPU
		{9BEDED56-04F6-4960-BF8A-3F89D28B40C6}.Debug|Any CPU.Build.0 = Debug|Any CPU
		{9BEDED56-04F6-4960-BF8A-3F89D28B40C6}.Release|Any CPU.ActiveCfg = Release|Any CPU
		{9BEDED56-04F6-4960-BF8A-3F89D28B40C6}.Release|Any CPU.Build.0 = Release|Any CPU
		{C7987BB2-7E23-4D54-AE9F-A3A673A69E7A}.Debug|Any CPU.ActiveCfg = Debug|Any CPU
		{C7987BB2-7E23-4D54-AE9F-A3A673A69E7A}.Debug|Any CPU.Build.0 = Debug|Any CPU
		{C7987BB2-7E23-4D54-AE9F-A3A673A69E7A}.Release|Any CPU.ActiveCfg = Release|Any CPU
		{C7987BB2-7E23-4D54-AE9F-A3A673A69E7A}.Release|Any CPU.Build.0 = Release|Any CPU
	EndGlobalSection
	GlobalSection(SolutionProperties) = preSolution
		HideSolutionNode = FALSE
	EndGlobalSection
	GlobalSection(ExtensibilityGlobals) = postSolution
		SolutionGuid = {5960941E-AEC9-4741-AA22-DF755C297487}
	EndGlobalSection
EndGlobal
